# Migration Immutability Lockfile
# Generated: 2026-04-28 (v0.11.1)
#
# PURPOSE: Every line records the SHA-384 of a migration file at the time it was
# declared stable. This file is the source of truth for the migration-guard CI
# workflow and the local check script.
#
# RULES:
#   - Never modify an existing line once the migration has been deployed.
#   - When a NEW migration file is added, append its checksum here as part of the
#     same PR that adds the migration file.
#   - The check script (scripts/check_migration_checksums.sh) will fail CI if
#     any on-disk file diverges from the checksum recorded here.
#
# FORMAT: <sha384>  <filename>   (two spaces, same as sha384sum output)
#
bb40c61f7d5cbeafa7827f2e8878588464e814ed118179bdb3c16e92880c79b2a3db4c92240e632bc8355363a768daf2  001_init_database.sql
f8dbccf1b2534f9b52d9a8d868299dd884ed2bddc23723a668873f6ae73e4af61922641f7af5cd85b09321af11157c00  002_add_tasks_table.sql
7b499ed1be46f44e60eac4910d7367e1a0934491b3077760c07d56c750ddf03fe024217f6db853f4077f39c78fdb0a1b  003_add_document_status_fields.sql
6799cc22aedfa58d8999acac5042d95cff21b053f11740794435fadd89d0ed43fd5f2883823147c5beef7299cdd3bc0f  004_add_conversation_history_table.sql
5cb1e49743e220e396a63932be116f13ecea2b809bb53a3328b43dcf9f119c099d39f3ef6d2195e0810e218706e3ffd4  005_add_audit_log_table.sql
1a40c4fee490a805644819394aae38f06430951d73410aa907c81247b74590a9731e245f89211562ac7ca72441b32d0f  006_add_is_manual_flags.sql
68f25f9d44b0dd276f8c461a562b0a1691ceabba3c1a2216b0cc13ab2e07b68610ba45c12dbafce1fc31040807ab8985  007_add_auth_tables.sql
1ea4ba48a8dc46ed342106c86eaf92b16c3bbad6fee68cbacfe29bcb9166eb8a04dc53511305e9d285b2029bcc66f8d5  008_add_multi_tenancy_tables.sql
4a4bf5dfca58e1446ebd161629b6bf520b6ae1507ba894898dca45ca875e7faea0a7b8f0db4ed4cac176d3f319867551  009_add_rls_policies.sql
8867c5ea7c40945f3159ff33baaad76b9215b646ae411fbb2eb9ffc39682bdda441cf2e9f399d3395a384e1290e5b3b2  010_add_conversations_tables.sql
9967f062a6d6148061b9ab11acfffd8b144330c8d56269da75e0c3a699dda965fb2236d998437eb51626fcb2176318d3  011_tenant_performance_indexes.sql
f50c5ae6d9861910455c70ef10ff1659ee12a65db251c31702ce4d36197a86df6fc16dd4f338f1f58ff80782af00b40c  012_audit_logs_table.sql
b1ffbffc60946e9eab45e492bf3336064bdc8b8279366b7876ce550576d7ca85fc3d991f4447909650c5e8c6b8ff99e2  013_add_age_graph.sql
2ccb19582523a44787b3b858614354af121a6a283af4cdecb9b8edc4e47a04acbad7e582ad5524a306074449425ad61c  014_add_graph_indexes.sql
930cedbea6634f39883462447478d155ee88b90e9e382430988b5c3ee39016f641addcd4d925f8ee262df8027e6d0bd4  015_add_fulltext_search.sql
622f2ec239980871f887a969f2fb471d44a038d75f905f2ea651f4ab381e447c3cfc8ea61d67b6482215dd3c91af6857  016_workspace_metrics_history.sql
e6108dad87fddea7487544ad380acbb6a5eaa0794251847b105770fa066ba98810527e7b6f24d556b5a0283087917b6e  017_add_processing_substates.sql
1f538faa36762ad72045e0056d2783179b6f9e33c093fbe48c2222d5a1dba00364c7de38a5e7ec0449db4927f51a54eb  019_add_tenant_workspace_to_tasks.sql
5887901ab60a93d89c47a8806708f5291fdd150975341b1ba232c17b4ffd885c135ff7e31a239bdd81cdcb01a36daa8e  020_add_circuit_breaker_to_tasks.sql
97d51ddcc76e816f997b42ee88b2b61676abae0d7785ba0d3b6101319ac4bbc65847204da25d4ac4a3b1228faf9b88b0  021_add_failed_chunks_table.sql
a52955c5092497f7d852843cd250fafe5264cfdc44a7fd2375f94ab0b98400742796fb80542cca7aedbb7e6fbceb401f  022_add_pdf_documents_table.sql
0b07f4b06a52fbe9827c10f1bdc9b77a99dda42e8685f8e2d21c41b6386578cad1c5658705e31e4231e608204e12cb11  023_workspace_scoped_content_hash.sql
014d29dd0645a1f4490c01c4cbfae5c3ce120676ca6016006cd2cf236d040b6559dc810105040fade1ccb2798ebefe12  024_fix_task_status_constraint.sql
d3bde8dde9ef5e680d98fdd876ae0eab546502c34dae5e9d0393fc30982d13e0b53196e7e59da4b381c46c1b1ca94053  025_add_pdf_unique_checksum.sql
48cd9aab49e8cef7489fc130f44546a1ca47471d455c4bfd96510e41ee45991a58a37e7e05d8954ed7118ea1c0ab2898  026_fix_task_type_constraint.sql
84b45404cc33cc3c6297af98eb4a174d87649801a97cfe91fc859ea2b548cb94423f13134f6669bcab19eee293f6d8c7  027_add_gin_index_metadata.sql
7a9364d7c3443b2b22d4c485aab50ecfaeebb96c0c69353334ebe247bd6eaf3b5def3d4bbf904a292d915965bae621f9  028_add_vector_materialized_columns.sql
4612f6349c316f318ce610594fb42c3b0522f2c13a77d9f4a75aa7db233ee8e38539129bfa8655cdb37aa3448d615521  029_add_vector_btree_indexes.sql
3d8b7d6afc3a554ef80f91ffd2bc043a95f2306d8d24dc7c4f4d02ea4a6001d9cce3484094eee1d1d474aaeb652b4be2  030_add_server_config.sql
d9a575c647a1c934920ae190c368040b51c80a5edefe66a826a91754eb9a8d70eeab5f278631ad4f422c9ffb7777cce5  031_refresh_edgequake_tasks_view.sql
312cbecb988fca142b1766efe0397b08f23636879268f4cb8576f719db4bf961b0fd9d32c45b3d6394ced89a81891b41  032_fix_document_status_constraints.sql
6130ef1f854edad543c8a156f93782162354b22e1768c98ee063a8913dbac9e75b62cf61bf776b940ac6240c45ab39df  033_add_edgeparse_extraction_method.sql
980d2cc1abee9520417ffecd4799b88771ff6978a9533ca891665678ec8ef062be690ffefb9b8f2f40b80e0fe75e1181  034_fix_pdf_documents_edgeparse_constraint.sql
7f4b3cedf8a047a1cc6f84555965c0aef383e78a147a26d4a3de37dba63dfa5417d1d6c3dca67a2c418075bcd8074621  035_harden_task_compatibility_defaults.sql
